
Microsoft Visual Studio Solution File, Format Version 12.00
# Visual Studio 15
VisualStudioVersion = 15.0.27428.2027
MinimumVisualStudioVersion = 10.0.40219.1
Project("{FAE04EC0-301F-11D3-BF4B-00C04F79EFBC}") = "TeamNotPresent", "TeamNotPresent\TeamNotPresent.csproj", "{1C28F28D-A2E9-46D0-8085-0A27D792BCEF}"
EndProject
Global
	GlobalSection(SolutionConfigurationPlatforms) = preSolution
		Debug|Any CPU = Debug|Any CPU
		Release|Any CPU = Release|Any CPU
	EndGlobalSection
	GlobalSection(ProjectConfigurationPlatforms) = postSolution
		{1C28F28D-A2E9-46D0-8085-0A27D792BCEF}.Debug|Any CPU.ActiveCfg = Debug|Any CPU
		{1C28F28D-A2E9-46D0-8085-0A27D792BCEF}.Debug|Any CPU.Build.0 = Debug|Any CPU
		{1C28F28D-A2E9-46D0-8085-0A27D792BCEF}.Release|Any CPU.ActiveCfg = Release|Any CPU
		{1C28F28D-A2E9-46D0-8085-0A27D792BCEF}.Release|Any CPU.Build.0 = Release|Any CPU
	EndGlobalSection
	GlobalSection(SolutionProperties) = preSolution
		HideSolutionNode = FALSE
	EndGlobalSection
	GlobalSection(ExtensibilityGlobals) = postSolution
		SolutionGuid = {EBD7D0F0-FBD9-40F7-8022-9FC7FDCB489D}
	EndGlobalSection
EndGlobal
